
Microsoft Visual Studio Solution File, Format Version 12.00
# Visual Studio Version 17
VisualStudioVersion = 17.9.34607.119
MinimumVisualStudioVersion = 10.0.40219.1
Project("{2150E333-8FDC-42A3-9474-1A3956D46DE8}") = "SOLID", "SOLID", "{738547B1-BDB4-4BB0-BC4A-13D135A7E2AF}"
EndProject
Project("{2150E333-8FDC-42A3-9474-1A3956D46DE8}") = "SRP", "SRP", "{33C72634-FFF7-40B5-BA30-E17535A80F88}"
EndProject
Project("{FAE04EC0-301F-11D3-BF4B-00C04F79EFBC}") = "SRP.Non", "SRP.Non\SRP.Non.csproj", "{42456070-B893-4680-BBFF-6B9A1223F4B1}"
EndProject
Project("{FAE04EC0-301F-11D3-BF4B-00C04F79EFBC}") = "SRP.Yes", "SRP.Yes\SRP.Yes.csproj", "{11C478A8-C345-43F5-BF00-B75BE8F2CF8B}"
EndProject
Project("{2150E333-8FDC-42A3-9474-1A3956D46DE8}") = "OCP", "OCP", "{645C20F4-BEA6-47E5-9579-5F58D9F9ACEF}"
EndProject
Project("{FAE04EC0-301F-11D3-BF4B-00C04F79EFBC}") = "OCP.Non", "OCP.Non\OCP.Non.csproj", "{C63BCBBF-AA46-432E-9381-1EC6B77CF4E0}"
EndProject
Project("{FAE04EC0-301F-11D3-BF4B-00C04F79EFBC}") = "OCP.Yes", "OCP.Yes\OCP.Yes.csproj", "{5990904B-B4A0-451A-B57D-8E3AE3E28860}"
EndProject
Global
	GlobalSection(SolutionConfigurationPlatforms) = preSolution
		Debug|Any CPU = Debug|Any CPU
		Release|Any CPU = Release|Any CPU
	EndGlobalSection
	GlobalSection(ProjectConfigurationPlatforms) = postSolution
		{42456070-B893-4680-BBFF-6B9A1223F4B1}.Debug|Any CPU.ActiveCfg = Debug|Any CPU
		{42456070-B893-4680-BBFF-6B9A1223F4B1}.Debug|Any CPU.Build.0 = Debug|Any CPU
		{42456070-B893-4680-BBFF-6B9A1223F4B1}.Release|Any CPU.ActiveCfg = Release|Any CPU
		{42456070-B893-4680-BBFF-6B9A1223F4B1}.Release|Any CPU.Build.0 = Release|Any CPU
		{11C478A8-C345-43F5-BF00-B75BE8F2CF8B}.Debug|Any CPU.ActiveCfg = Debug|Any CPU
		{11C478A8-C345-43F5-BF00-B75BE8F2CF8B}.Debug|Any CPU.Build.0 = Debug|Any CPU
		{11C478A8-C345-43F5-BF00-B75BE8F2CF8B}.Release|Any CPU.ActiveCfg = Release|Any CPU
		{11C478A8-C345-43F5-BF00-B75BE8F2CF8B}.Release|Any CPU.Build.0 = Release|Any CPU
		{C63BCBBF-AA46-432E-9381-1EC6B77CF4E0}.Debug|Any CPU.ActiveCfg = Debug|Any CPU
		{C63BCBBF-AA46-432E-9381-1EC6B77CF4E0}.Debug|Any CPU.Build.0 = Debug|Any CPU
		{C63BCBBF-AA46-432E-9381-1EC6B77CF4E0}.Release|Any CPU.ActiveCfg = Release|Any CPU
		{C63BCBBF-AA46-432E-9381-1EC6B77CF4E0}.Release|Any CPU.Build.0 = Release|Any CPU
		{5990904B-B4A0-451A-B57D-8E3AE3E28860}.Debug|Any CPU.ActiveCfg = Debug|Any CPU
		{5990904B-B4A0-451A-B57D-8E3AE3E28860}.Debug|Any CPU.Build.0 = Debug|Any CPU
		{5990904B-B4A0-451A-B57D-8E3AE3E28860}.Release|Any CPU.ActiveCfg = Release|Any CPU
		{5990904B-B4A0-451A-B57D-8E3AE3E28860}.Release|Any CPU.Build.0 = Release|Any CPU
	EndGlobalSection
	GlobalSection(SolutionProperties) = preSolution
		HideSolutionNode = FALSE
	EndGlobalSection
	GlobalSection(NestedProjects) = preSolution
		{33C72634-FFF7-40B5-BA30-E17535A80F88} = {738547B1-BDB4-4BB0-BC4A-13D135A7E2AF}
		{42456070-B893-4680-BBFF-6B9A1223F4B1} = {33C72634-FFF7-40B5-BA30-E17535A80F88}
		{11C478A8-C345-43F5-BF00-B75BE8F2CF8B} = {33C72634-FFF7-40B5-BA30-E17535A80F88}
		{645C20F4-BEA6-47E5-9579-5F58D9F9ACEF} = {738547B1-BDB4-4BB0-BC4A-13D135A7E2AF}
		{C63BCBBF-AA46-432E-9381-1EC6B77CF4E0} = {645C20F4-BEA6-47E5-9579-5F58D9F9ACEF}
		{5990904B-B4A0-451A-B57D-8E3AE3E28860} = {645C20F4-BEA6-47E5-9579-5F58D9F9ACEF}
	EndGlobalSection
	GlobalSection(ExtensibilityGlobals) = postSolution
		SolutionGuid = {655A263E-A972-4B0D-8D93-987DC59F84CE}
	EndGlobalSection
EndGlobal
